{
  "name": "vanilla-basic",
  "version": "1.0.0",
  "lockfileVersion": 2,
  "requires": true,
  "packages": {
    "": {
      "name": "vanilla-basic",
      "version": "1.0.0",
      "devDependencies": {
        "@iarna/toml": "~2.2",
        "marked": "~4.0"
      }
    },
    "node_modules/@iarna/toml": {
      "version": "2.2.5",
      "resolved": "https://registry.npmjs.org/@iarna/toml/-/toml-2.2.5.tgz",
      "integrity": "sha512-trnsAYxU3xnS1gPHPyU961coFyLkh4gAD/0zQ5mymY4yOZ+CYvsPqUbOFSw0aDM4y0tV7tiFxL/1XfXPNC6IPg==",
      "dev": true
    },
    "node_modules/marked": {
      "version": "4.0.19",
      "resolved": "https://registry.npmjs.org/marked/-/marked-4.0.19.tgz",
      "integrity": "sha512-rgQF/OxOiLcvgUAj1Q1tAf4Bgxn5h5JZTp04Fx4XUkVhs7B+7YA9JEWJhJpoO8eJt8MkZMwqLCNeNqj1bCREZQ==",
      "dev": true,
      "bin": {
        "marked": "bin/marked.js"
      },
      "engines": {
        "node": ">= 12"
      }
    }
  },
  "dependencies": {
    "@iarna/toml": {
      "version": "2.2.5",
      "resolved": "https://registry.npmjs.org/@iarna/toml/-/toml-2.2.5.tgz",
      "integrity": "sha512-trnsAYxU3xnS1gPHPyU961coFyLkh4gAD/0zQ5mymY4yOZ+CYvsPqUbOFSw0aDM4y0tV7tiFxL/1XfXPNC6IPg==",
      "dev": true
    },
    "marked": {
      "version": "4.0.19",
      "resolved": "https://registry.npmjs.org/marked/-/marked-4.0.19.tgz",
      "integrity": "sha512-rgQF/OxOiLcvgUAj1Q1tAf4Bgxn5h5JZTp04Fx4XUkVhs7B+7YA9JEWJhJpoO8eJt8MkZMwqLCNeNqj1bCREZQ==",
      "dev": true
    }
  }
}
